
Microsoft Visual Studio Solution File, Format Version 12.00
# Visual Studio Version 17
VisualStudioVersion = 17.2.32602.215
MinimumVisualStudioVersion = 10.0.40219.1
Project("{FAE04EC0-301F-11D3-BF4B-00C04F79EFBC}") = "Max_of_3", "Max_of_3\Max_of_3.csproj", "{F72734F4-17E5-41C5-A25E-A89F5238592F}"
EndProject
Global
	GlobalSection(SolutionConfigurationPlatforms) = preSolution
		Debug|Any CPU = Debug|Any CPU
		Release|Any CPU = Release|Any CPU
	EndGlobalSection
	GlobalSection(ProjectConfigurationPlatforms) = postSolution
		{F72734F4-17E5-41C5-A25E-A89F5238592F}.Debug|Any CPU.ActiveCfg = Debug|Any CPU
		{F72734F4-17E5-41C5-A25E-A89F5238592F}.Debug|Any CPU.Build.0 = Debug|Any CPU
		{F72734F4-17E5-41C5-A25E-A89F5238592F}.Release|Any CPU.ActiveCfg = Release|Any CPU
		{F72734F4-17E5-41C5-A25E-A89F5238592F}.Release|Any CPU.Build.0 = Release|Any CPU
	EndGlobalSection
	GlobalSection(SolutionProperties) = preSolution
		HideSolutionNode = FALSE
	EndGlobalSection
	GlobalSection(ExtensibilityGlobals) = postSolution
		SolutionGuid = {40C7D79A-3ED2-4F61-B2C7-CF0075C1C1D8}
	EndGlobalSection
EndGlobal
